
Microsoft Visual Studio Solution File, Format Version 12.00
# Visual Studio Version 17
VisualStudioVersion = 17.0.31903.59
MinimumVisualStudioVersion = 10.0.40219.1
Project("{FAE04EC0-301F-11D3-BF4B-00C04F79EFBC}") = "MF.Commons", "Core\MF.Commons\MF.Commons.csproj", "{3FEB700C-092D-4BB1-B624-F0AA25082653}"
EndProject
Project("{FAE04EC0-301F-11D3-BF4B-00C04F79EFBC}") = "MF.Repositories.Abstractions", "Core\MF.Repositories.Abstractions\MF.Repositories.Abstractions.csproj", "{7499F17D-211C-470B-90F8-F2A9B04F5AC6}"
EndProject
Project("{FAE04EC0-301F-11D3-BF4B-00C04F79EFBC}") = "MF.Services.Abstractions", "Core\MF.Services.Abstractions\MF.Services.Abstractions.csproj", "{0447B2E6-DE7A-4BFC-A436-8C3C8FBD11E9}"
EndProject
Project("{FAE04EC0-301F-11D3-BF4B-00C04F79EFBC}") = "MF.Events", "Core\MF.Events\MF.Events.csproj", "{EC56F08A-0C52-4D92-BA35-A6BEA5516506}"
EndProject
Project("{FAE04EC0-301F-11D3-BF4B-00C04F79EFBC}") = "MF.Data", "Core\MF.Data\MF.Data.csproj", "{FD9185F9-58AD-4E3F-AF55-67667FAF5B8E}"
EndProject
Project("{FAE04EC0-301F-11D3-BF4B-00C04F79EFBC}") = "MF.Contexts", "Core\MF.Contexts\MF.Contexts.csproj", "{91F86FED-A295-4853-BA4A-B8D23F615607}"
EndProject
Project("{FAE04EC0-301F-11D3-BF4B-00C04F79EFBC}") = "MF.CommandHandlers", "Core\MF.CommandHandlers\MF.CommandHandlers.csproj", "{03CF6786-4439-4147-9CC7-44C7385FECA7}"
EndProject
Project("{FAE04EC0-301F-11D3-BF4B-00C04F79EFBC}") = "MF.Commands", "Core\MF.Commands\MF.Commands.csproj", "{C14EEDC4-E00B-476E-9B24-FA45652DE60A}"
EndProject
Project("{FAE04EC0-301F-11D3-BF4B-00C04F79EFBC}") = "MF.Nodes.Abstractions", "Core\MF.Nodes.Abstractions\MF.Nodes.Abstractions.csproj", "{2C3FD262-E537-49D4-BD75-165C73A56C7F}"
EndProject
Project("{FAE04EC0-301F-11D3-BF4B-00C04F79EFBC}") = "MF.Repositories", "Core\MF.Repositories\MF.Repositories.csproj", "{C5286BA6-9EFF-4BDE-A450-F84BB4ACCC68}"
EndProject
Project("{FAE04EC0-301F-11D3-BF4B-00C04F79EFBC}") = "MF.Services", "Core\MF.Services\MF.Services.csproj", "{EC4FB636-F321-4B91-8D9B-9551DCC80CF6}"
EndProject

Global
	GlobalSection(SolutionConfigurationPlatforms) = preSolution
		Debug|Any CPU = Debug|Any CPU
		Debug|x64 = Debug|x64
		Debug|x86 = Debug|x86
		Release|Any CPU = Release|Any CPU
		Release|x64 = Release|x64
		Release|x86 = Release|x86
	EndGlobalSection
	GlobalSection(ProjectConfigurationPlatforms) = postSolution
		{3FEB700C-092D-4BB1-B624-F0AA25082653}.Debug|Any CPU.ActiveCfg = Debug|Any CPU
		{3FEB700C-092D-4BB1-B624-F0AA25082653}.Debug|Any CPU.Build.0 = Debug|Any CPU
		{3FEB700C-092D-4BB1-B624-F0AA25082653}.Debug|x64.ActiveCfg = Debug|Any CPU
		{3FEB700C-092D-4BB1-B624-F0AA25082653}.Debug|x64.Build.0 = Debug|Any CPU
		{3FEB700C-092D-4BB1-B624-F0AA25082653}.Debug|x86.ActiveCfg = Debug|Any CPU
		{3FEB700C-092D-4BB1-B624-F0AA25082653}.Debug|x86.Build.0 = Debug|Any CPU
		{3FEB700C-092D-4BB1-B624-F0AA25082653}.Release|Any CPU.ActiveCfg = Release|Any CPU
		{3FEB700C-092D-4BB1-B624-F0AA25082653}.Release|Any CPU.Build.0 = Release|Any CPU
		{3FEB700C-092D-4BB1-B624-F0AA25082653}.Release|x64.ActiveCfg = Release|Any CPU
		{3FEB700C-092D-4BB1-B624-F0AA25082653}.Release|x64.Build.0 = Release|Any CPU
		{3FEB700C-092D-4BB1-B624-F0AA25082653}.Release|x86.ActiveCfg = Release|Any CPU
		{3FEB700C-092D-4BB1-B624-F0AA25082653}.Release|x86.Build.0 = Release|Any CPU
		{7499F17D-211C-470B-90F8-F2A9B04F5AC6}.Debug|Any CPU.ActiveCfg = Debug|Any CPU
		{7499F17D-211C-470B-90F8-F2A9B04F5AC6}.Debug|Any CPU.Build.0 = Debug|Any CPU
		{7499F17D-211C-470B-90F8-F2A9B04F5AC6}.Debug|x64.ActiveCfg = Debug|Any CPU
		{7499F17D-211C-470B-90F8-F2A9B04F5AC6}.Debug|x64.Build.0 = Debug|Any CPU
		{7499F17D-211C-470B-90F8-F2A9B04F5AC6}.Debug|x86.ActiveCfg = Debug|Any CPU
		{7499F17D-211C-470B-90F8-F2A9B04F5AC6}.Debug|x86.Build.0 = Debug|Any CPU
		{7499F17D-211C-470B-90F8-F2A9B04F5AC6}.Release|Any CPU.ActiveCfg = Release|Any CPU
		{7499F17D-211C-470B-90F8-F2A9B04F5AC6}.Release|Any CPU.Build.0 = Release|Any CPU
		{7499F17D-211C-470B-90F8-F2A9B04F5AC6}.Release|x64.ActiveCfg = Release|Any CPU
		{7499F17D-211C-470B-90F8-F2A9B04F5AC6}.Release|x64.Build.0 = Release|Any CPU
		{7499F17D-211C-470B-90F8-F2A9B04F5AC6}.Release|x86.ActiveCfg = Release|Any CPU
		{7499F17D-211C-470B-90F8-F2A9B04F5AC6}.Release|x86.Build.0 = Release|Any CPU
		{0447B2E6-DE7A-4BFC-A436-8C3C8FBD11E9}.Debug|Any CPU.ActiveCfg = Debug|Any CPU
		{0447B2E6-DE7A-4BFC-A436-8C3C8FBD11E9}.Debug|Any CPU.Build.0 = Debug|Any CPU
		{0447B2E6-DE7A-4BFC-A436-8C3C8FBD11E9}.Debug|x64.ActiveCfg = Debug|Any CPU
		{0447B2E6-DE7A-4BFC-A436-8C3C8FBD11E9}.Debug|x64.Build.0 = Debug|Any CPU
		{0447B2E6-DE7A-4BFC-A436-8C3C8FBD11E9}.Debug|x86.ActiveCfg = Debug|Any CPU
		{0447B2E6-DE7A-4BFC-A436-8C3C8FBD11E9}.Debug|x86.Build.0 = Debug|Any CPU
		{0447B2E6-DE7A-4BFC-A436-8C3C8FBD11E9}.Release|Any CPU.ActiveCfg = Release|Any CPU
		{0447B2E6-DE7A-4BFC-A436-8C3C8FBD11E9}.Release|Any CPU.Build.0 = Release|Any CPU
		{0447B2E6-DE7A-4BFC-A436-8C3C8FBD11E9}.Release|x64.ActiveCfg = Release|Any CPU
		{0447B2E6-DE7A-4BFC-A436-8C3C8FBD11E9}.Release|x64.Build.0 = Release|Any CPU
		{0447B2E6-DE7A-4BFC-A436-8C3C8FBD11E9}.Release|x86.ActiveCfg = Release|Any CPU
		{0447B2E6-DE7A-4BFC-A436-8C3C8FBD11E9}.Release|x86.Build.0 = Release|Any CPU
		{EC56F08A-0C52-4D92-BA35-A6BEA5516506}.Debug|Any CPU.ActiveCfg = Debug|Any CPU
		{EC56F08A-0C52-4D92-BA35-A6BEA5516506}.Debug|Any CPU.Build.0 = Debug|Any CPU
		{EC56F08A-0C52-4D92-BA35-A6BEA5516506}.Debug|x64.ActiveCfg = Debug|Any CPU
		{EC56F08A-0C52-4D92-BA35-A6BEA5516506}.Debug|x64.Build.0 = Debug|Any CPU
		{EC56F08A-0C52-4D92-BA35-A6BEA5516506}.Debug|x86.ActiveCfg = Debug|Any CPU
		{EC56F08A-0C52-4D92-BA35-A6BEA5516506}.Debug|x86.Build.0 = Debug|Any CPU
		{EC56F08A-0C52-4D92-BA35-A6BEA5516506}.Release|Any CPU.ActiveCfg = Release|Any CPU
		{EC56F08A-0C52-4D92-BA35-A6BEA5516506}.Release|Any CPU.Build.0 = Release|Any CPU
		{EC56F08A-0C52-4D92-BA35-A6BEA5516506}.Release|x64.ActiveCfg = Release|Any CPU
		{EC56F08A-0C52-4D92-BA35-A6BEA5516506}.Release|x64.Build.0 = Release|Any CPU
		{EC56F08A-0C52-4D92-BA35-A6BEA5516506}.Release|x86.ActiveCfg = Release|Any CPU
		{EC56F08A-0C52-4D92-BA35-A6BEA5516506}.Release|x86.Build.0 = Release|Any CPU
		{FD9185F9-58AD-4E3F-AF55-67667FAF5B8E}.Debug|Any CPU.ActiveCfg = Debug|Any CPU
		{FD9185F9-58AD-4E3F-AF55-67667FAF5B8E}.Debug|Any CPU.Build.0 = Debug|Any CPU
		{FD9185F9-58AD-4E3F-AF55-67667FAF5B8E}.Debug|x64.ActiveCfg = Debug|Any CPU
		{FD9185F9-58AD-4E3F-AF55-67667FAF5B8E}.Debug|x64.Build.0 = Debug|Any CPU
		{FD9185F9-58AD-4E3F-AF55-67667FAF5B8E}.Debug|x86.ActiveCfg = Debug|Any CPU
		{FD9185F9-58AD-4E3F-AF55-67667FAF5B8E}.Debug|x86.Build.0 = Debug|Any CPU
		{FD9185F9-58AD-4E3F-AF55-67667FAF5B8E}.Release|Any CPU.ActiveCfg = Release|Any CPU
		{FD9185F9-58AD-4E3F-AF55-67667FAF5B8E}.Release|Any CPU.Build.0 = Release|Any CPU
		{FD9185F9-58AD-4E3F-AF55-67667FAF5B8E}.Release|x64.ActiveCfg = Release|Any CPU
		{FD9185F9-58AD-4E3F-AF55-67667FAF5B8E}.Release|x64.Build.0 = Release|Any CPU
		{FD9185F9-58AD-4E3F-AF55-67667FAF5B8E}.Release|x86.ActiveCfg = Release|Any CPU
		{FD9185F9-58AD-4E3F-AF55-67667FAF5B8E}.Release|x86.Build.0 = Release|Any CPU
		{91F86FED-A295-4853-BA4A-B8D23F615607}.Debug|Any CPU.ActiveCfg = Debug|Any CPU
		{91F86FED-A295-4853-BA4A-B8D23F615607}.Debug|Any CPU.Build.0 = Debug|Any CPU
		{91F86FED-A295-4853-BA4A-B8D23F615607}.Debug|x64.ActiveCfg = Debug|Any CPU
		{91F86FED-A295-4853-BA4A-B8D23F615607}.Debug|x64.Build.0 = Debug|Any CPU
		{91F86FED-A295-4853-BA4A-B8D23F615607}.Debug|x86.ActiveCfg = Debug|Any CPU
		{91F86FED-A295-4853-BA4A-B8D23F615607}.Debug|x86.Build.0 = Debug|Any CPU
		{91F86FED-A295-4853-BA4A-B8D23F615607}.Release|Any CPU.ActiveCfg = Release|Any CPU
		{91F86FED-A295-4853-BA4A-B8D23F615607}.Release|Any CPU.Build.0 = Release|Any CPU
		{91F86FED-A295-4853-BA4A-B8D23F615607}.Release|x64.ActiveCfg = Release|Any CPU
		{91F86FED-A295-4853-BA4A-B8D23F615607}.Release|x64.Build.0 = Release|Any CPU
		{91F86FED-A295-4853-BA4A-B8D23F615607}.Release|x86.ActiveCfg = Release|Any CPU
		{91F86FED-A295-4853-BA4A-B8D23F615607}.Release|x86.Build.0 = Release|Any CPU
		{03CF6786-4439-4147-9CC7-44C7385FECA7}.Debug|Any CPU.ActiveCfg = Debug|Any CPU
		{03CF6786-4439-4147-9CC7-44C7385FECA7}.Debug|Any CPU.Build.0 = Debug|Any CPU
		{03CF6786-4439-4147-9CC7-44C7385FECA7}.Debug|x64.ActiveCfg = Debug|Any CPU
		{03CF6786-4439-4147-9CC7-44C7385FECA7}.Debug|x64.Build.0 = Debug|Any CPU
		{03CF6786-4439-4147-9CC7-44C7385FECA7}.Debug|x86.ActiveCfg = Debug|Any CPU
		{03CF6786-4439-4147-9CC7-44C7385FECA7}.Debug|x86.Build.0 = Debug|Any CPU
		{03CF6786-4439-4147-9CC7-44C7385FECA7}.Release|Any CPU.ActiveCfg = Debug|Any CPU
		{03CF6786-4439-4147-9CC7-44C7385FECA7}.Release|Any CPU.Build.0 = Debug|Any CPU
		{03CF6786-4439-4147-9CC7-44C7385FECA7}.Release|x64.ActiveCfg = Debug|Any CPU
		{03CF6786-4439-4147-9CC7-44C7385FECA7}.Release|x64.Build.0 = Debug|Any CPU
		{03CF6786-4439-4147-9CC7-44C7385FECA7}.Release|x86.ActiveCfg = Debug|Any CPU
		{03CF6786-4439-4147-9CC7-44C7385FECA7}.Release|x86.Build.0 = Debug|Any CPU
		{C14EEDC4-E00B-476E-9B24-FA45652DE60A}.Debug|Any CPU.ActiveCfg = Debug|Any CPU
		{C14EEDC4-E00B-476E-9B24-FA45652DE60A}.Debug|Any CPU.Build.0 = Debug|Any CPU
		{C14EEDC4-E00B-476E-9B24-FA45652DE60A}.Debug|x64.ActiveCfg = Debug|Any CPU
		{C14EEDC4-E00B-476E-9B24-FA45652DE60A}.Debug|x64.Build.0 = Debug|Any CPU
		{C14EEDC4-E00B-476E-9B24-FA45652DE60A}.Debug|x86.ActiveCfg = Debug|Any CPU
		{C14EEDC4-E00B-476E-9B24-FA45652DE60A}.Debug|x86.Build.0 = Debug|Any CPU
		{C14EEDC4-E00B-476E-9B24-FA45652DE60A}.Release|Any CPU.ActiveCfg = Debug|Any CPU
		{C14EEDC4-E00B-476E-9B24-FA45652DE60A}.Release|Any CPU.Build.0 = Debug|Any CPU
		{C14EEDC4-E00B-476E-9B24-FA45652DE60A}.Release|x64.ActiveCfg = Debug|Any CPU
		{C14EEDC4-E00B-476E-9B24-FA45652DE60A}.Release|x64.Build.0 = Debug|Any CPU
		{C14EEDC4-E00B-476E-9B24-FA45652DE60A}.Release|x86.ActiveCfg = Debug|Any CPU
		{C14EEDC4-E00B-476E-9B24-FA45652DE60A}.Release|x86.Build.0 = Debug|Any CPU
		{2C3FD262-E537-49D4-BD75-165C73A56C7F}.Debug|Any CPU.ActiveCfg = Debug|Any CPU
		{2C3FD262-E537-49D4-BD75-165C73A56C7F}.Debug|Any CPU.Build.0 = Debug|Any CPU
		{2C3FD262-E537-49D4-BD75-165C73A56C7F}.Debug|x64.ActiveCfg = Debug|Any CPU
		{2C3FD262-E537-49D4-BD75-165C73A56C7F}.Debug|x64.Build.0 = Debug|Any CPU
		{2C3FD262-E537-49D4-BD75-165C73A56C7F}.Debug|x86.ActiveCfg = Debug|Any CPU
		{2C3FD262-E537-49D4-BD75-165C73A56C7F}.Debug|x86.Build.0 = Debug|Any CPU
		{2C3FD262-E537-49D4-BD75-165C73A56C7F}.Release|Any CPU.ActiveCfg = Debug|Any CPU
		{2C3FD262-E537-49D4-BD75-165C73A56C7F}.Release|Any CPU.Build.0 = Debug|Any CPU
		{2C3FD262-E537-49D4-BD75-165C73A56C7F}.Release|x64.ActiveCfg = Debug|Any CPU
		{2C3FD262-E537-49D4-BD75-165C73A56C7F}.Release|x64.Build.0 = Debug|Any CPU
		{2C3FD262-E537-49D4-BD75-165C73A56C7F}.Release|x86.ActiveCfg = Debug|Any CPU
		{2C3FD262-E537-49D4-BD75-165C73A56C7F}.Release|x86.Build.0 = Debug|Any CPU
		{C5286BA6-9EFF-4BDE-A450-F84BB4ACCC68}.Debug|Any CPU.ActiveCfg = Debug|Any CPU
		{C5286BA6-9EFF-4BDE-A450-F84BB4ACCC68}.Debug|Any CPU.Build.0 = Debug|Any CPU
		{C5286BA6-9EFF-4BDE-A450-F84BB4ACCC68}.Debug|x64.ActiveCfg = Debug|Any CPU
		{C5286BA6-9EFF-4BDE-A450-F84BB4ACCC68}.Debug|x64.Build.0 = Debug|Any CPU
		{C5286BA6-9EFF-4BDE-A450-F84BB4ACCC68}.Debug|x86.ActiveCfg = Debug|Any CPU
		{C5286BA6-9EFF-4BDE-A450-F84BB4ACCC68}.Debug|x86.Build.0 = Debug|Any CPU
		{C5286BA6-9EFF-4BDE-A450-F84BB4ACCC68}.Release|Any CPU.ActiveCfg = Debug|Any CPU
		{C5286BA6-9EFF-4BDE-A450-F84BB4ACCC68}.Release|Any CPU.Build.0 = Debug|Any CPU
		{C5286BA6-9EFF-4BDE-A450-F84BB4ACCC68}.Release|x64.ActiveCfg = Debug|Any CPU
		{C5286BA6-9EFF-4BDE-A450-F84BB4ACCC68}.Release|x64.Build.0 = Debug|Any CPU
		{C5286BA6-9EFF-4BDE-A450-F84BB4ACCC68}.Release|x86.ActiveCfg = Debug|Any CPU
		{C5286BA6-9EFF-4BDE-A450-F84BB4ACCC68}.Release|x86.Build.0 = Debug|Any CPU
		{EC4FB636-F321-4B91-8D9B-9551DCC80CF6}.Debug|Any CPU.ActiveCfg = Debug|Any CPU
		{EC4FB636-F321-4B91-8D9B-9551DCC80CF6}.Debug|Any CPU.Build.0 = Debug|Any CPU
		{EC4FB636-F321-4B91-8D9B-9551DCC80CF6}.Debug|x64.ActiveCfg = Debug|Any CPU
		{EC4FB636-F321-4B91-8D9B-9551DCC80CF6}.Debug|x64.Build.0 = Debug|Any CPU
		{EC4FB636-F321-4B91-8D9B-9551DCC80CF6}.Debug|x86.ActiveCfg = Debug|Any CPU
		{EC4FB636-F321-4B91-8D9B-9551DCC80CF6}.Debug|x86.Build.0 = Debug|Any CPU
		{EC4FB636-F321-4B91-8D9B-9551DCC80CF6}.Release|Any CPU.ActiveCfg = Debug|Any CPU
		{EC4FB636-F321-4B91-8D9B-9551DCC80CF6}.Release|Any CPU.Build.0 = Debug|Any CPU
		{EC4FB636-F321-4B91-8D9B-9551DCC80CF6}.Release|x64.ActiveCfg = Debug|Any CPU
		{EC4FB636-F321-4B91-8D9B-9551DCC80CF6}.Release|x64.Build.0 = Debug|Any CPU
		{EC4FB636-F321-4B91-8D9B-9551DCC80CF6}.Release|x86.ActiveCfg = Debug|Any CPU
		{EC4FB636-F321-4B91-8D9B-9551DCC80CF6}.Release|x86.Build.0 = Debug|Any CPU

	EndGlobalSection
	GlobalSection(SolutionProperties) = preSolution
		HideSolutionNode = FALSE
	EndGlobalSection
	GlobalSection(NestedProjects) = preSolution
	EndGlobalSection
EndGlobal
